
Microsoft Visual Studio Solution File, Format Version 12.00
# Visual Studio 15
VisualStudioVersion = 15.0.28307.102
MinimumVisualStudioVersion = 10.0.40219.1
Project("{FAE04EC0-301F-11D3-BF4B-00C04F79EFBC}") = "SimpleFolderSizeViewer.Core", "SimpleFolderSizeViewer.Core\SimpleFolderSizeViewer.Core.csproj", "{FFAD8179-3D6B-4DDF-BC56-FA03A1600E8C}"
EndProject
Project("{FAE04EC0-301F-11D3-BF4B-00C04F79EFBC}") = "SimpleFolderSizeViewer.App", "SimpleFolderSizeViewer.App\SimpleFolderSizeViewer.App.csproj", "{37A9A034-9F01-4579-A1E5-7C8F0EC237B0}"
EndProject
Global
	GlobalSection(SolutionConfigurationPlatforms) = preSolution
		Debug|Any CPU = Debug|Any CPU
		Release|Any CPU = Release|Any CPU
	EndGlobalSection
	GlobalSection(ProjectConfigurationPlatforms) = postSolution
		{FFAD8179-3D6B-4DDF-BC56-FA03A1600E8C}.Debug|Any CPU.ActiveCfg = Debug|Any CPU
		{FFAD8179-3D6B-4DDF-BC56-FA03A1600E8C}.Debug|Any CPU.Build.0 = Debug|Any CPU
		{FFAD8179-3D6B-4DDF-BC56-FA03A1600E8C}.Release|Any CPU.ActiveCfg = Release|Any CPU
		{FFAD8179-3D6B-4DDF-BC56-FA03A1600E8C}.Release|Any CPU.Build.0 = Release|Any CPU
		{37A9A034-9F01-4579-A1E5-7C8F0EC237B0}.Debug|Any CPU.ActiveCfg = Debug|Any CPU
		{37A9A034-9F01-4579-A1E5-7C8F0EC237B0}.Debug|Any CPU.Build.0 = Debug|Any CPU
		{37A9A034-9F01-4579-A1E5-7C8F0EC237B0}.Release|Any CPU.ActiveCfg = Release|Any CPU
		{37A9A034-9F01-4579-A1E5-7C8F0EC237B0}.Release|Any CPU.Build.0 = Release|Any CPU
	EndGlobalSection
	GlobalSection(SolutionProperties) = preSolution
		HideSolutionNode = FALSE
	EndGlobalSection
	GlobalSection(ExtensibilityGlobals) = postSolution
		SolutionGuid = {750651F4-8E9D-4128-86FB-783BF25150C8}
	EndGlobalSection
EndGlobal
